// !$*UTF8*$!
{
	archiveVersion = 1;
	classes = {
	};
	objectVersion = 55;
	objects = {

/* Begin PBXBuildFile section */
		95AE0D16294D7F9500314DB7 /* AppDelegate.swift in Sources */ = {isa = PBXBuildFile; fileRef = 95AE0D15294D7F9500314DB7 /* AppDelegate.swift */; };
		95AE0D18294D7F9500314DB7 /* SceneDelegate.swift in Sources */ = {isa = PBXBuildFile; fileRef = 95AE0D17294D7F9500314DB7 /* SceneDelegate.swift */; };
		95AE0D1A294D7F9500314DB7 /* ViewController.swift in Sources */ = {isa = PBXBuildFile; fileRef = 95AE0D19294D7F9500314DB7 /* ViewController.swift */; };
		95AE0D1D294D7F9500314DB7 /* Main.storyboard in Resources */ = {isa = PBXBuildFile; fileRef = 95AE0D1B294D7F9500314DB7 /* Main.storyboard */; };
		95AE0D20294D7F9500314DB7 /* note_app.xcdatamodeld in Sources */ = {isa = PBXBuildFile; fileRef = 95AE0D1E294D7F9500314DB7 /* note_app.xcdatamodeld */; };
		95AE0D22294D7F9E00314DB7 /* Assets.xcassets in Resources */ = {isa = PBXBuildFile; fileRef = 95AE0D21294D7F9E00314DB7 /* Assets.xcassets */; };
		95AE0D25294D7F9E00314DB7 /* LaunchScreen.storyboard in Resources */ = {isa = PBXBuildFile; fileRef = 95AE0D23294D7F9E00314DB7 /* LaunchScreen.storyboard */; };
		95AE0D30294D7F9F00314DB7 /* note_appTests.swift in Sources */ = {isa = PBXBuildFile; fileRef = 95AE0D2F294D7F9F00314DB7 /* note_appTests.swift */; };
		95AE0D3A294D7F9F00314DB7 /* note_appUITests.swift in Sources */ = {isa = PBXBuildFile; fileRef = 95AE0D39294D7F9F00314DB7 /* note_appUITests.swift */; };
		95AE0D3C294D7F9F00314DB7 /* note_appUITestsLaunchTests.swift in Sources */ = {isa = PBXBuildFile; fileRef = 95AE0D3B294D7F9F00314DB7 /* note_appUITestsLaunchTests.swift */; };
		95AE0D49294DAEC900314DB7 /* EditViewController.swift in Sources */ = {isa = PBXBuildFile; fileRef = 95AE0D48294DAEC900314DB7 /* EditViewController.swift */; };
		95AE0D4B294DAEF000314DB7 /* TableViewCell.swift in Sources */ = {isa = PBXBuildFile; fileRef = 95AE0D4A294DAEF000314DB7 /* TableViewCell.swift */; };
		95AE0D4D294DAF3900314DB7 /* TableViewController.swift in Sources */ = {isa = PBXBuildFile; fileRef = 95AE0D4C294DAF3900314DB7 /* TableViewController.swift */; };
		95AE0D4F294DB4A200314DB7 /* noteCD.swift in Sources */ = {isa = PBXBuildFile; fileRef = 95AE0D4E294DB4A200314DB7 /* noteCD.swift */; };
/* End PBXBuildFile section */

/* Begin PBXContainerItemProxy section */
		95AE0D2C294D7F9F00314DB7 /* PBXContainerItemProxy */ = {
			isa = PBXContainerItemProxy;
			containerPortal = 95AE0D0A294D7F9500314DB7 /* Project object */;
			proxyType = 1;
			remoteGlobalIDString = 95AE0D11294D7F9500314DB7;
			remoteInfo = "note app";
		};
		95AE0D36294D7F9F00314DB7 /* PBXContainerItemProxy */ = {
			isa = PBXContainerItemProxy;
			containerPortal = 95AE0D0A294D7F9500314DB7 /* Project object */;
			proxyType = 1;
			remoteGlobalIDString = 95AE0D11294D7F9500314DB7;
			remoteInfo = "note app";
		};
/* End PBXContainerItemProxy section */

/* Begin PBXFileReference section */
		95AE0D12294D7F9500314DB7 /* note app.app */ = {isa = PBXFileReference; explicitFileType = wrapper.application; includeInIndex = 0; path = "note app.app"; sourceTree = BUILT_PRODUCTS_DIR; };
		95AE0D15294D7F9500314DB7 /* AppDelegate.swift */ = {isa = PBXFileReference; lastKnownFileType = sourcecode.swift; path = AppDelegate.swift; sourceTree = "<group>"; };
		95AE0D17294D7F9500314DB7 /* SceneDelegate.swift */ = {isa = PBXFileReference; lastKnownFileType = sourcecode.swift; path = SceneDelegate.swift; sourceTree = "<group>"; };
		95AE0D19294D7F9500314DB7 /* ViewController.swift */ = {isa = PBXFileReference; lastKnownFileType = sourcecode.swift; path = ViewController.swift; sourceTree = "<group>"; };
		95AE0D1C294D7F9500314DB7 /* Base */ = {isa = PBXFileReference; lastKnownFileType = file.storyboard; name = Base; path = Base.lproj/Main.storyboard; sourceTree = "<group>"; };
		95AE0D1F294D7F9500314DB7 /* note_app.xcdatamodel */ = {isa = PBXFileReference; lastKnownFileType = wrapper.xcdatamodel; path = note_app.xcdatamodel; sourceTree = "<group>"; };
		95AE0D21294D7F9E00314DB7 /* Assets.xcassets */ = {isa = PBXFileReference; lastKnownFileType = folder.assetcatalog; path = Assets.xcassets; sourceTree = "<group>"; };
		95AE0D24294D7F9E00314DB7 /* Base */ = {isa = PBXFileReference; lastKnownFileType = file.storyboard; name = Base; path = Base.lproj/LaunchScreen.storyboard; sourceTree = "<group>"; };
		95AE0D26294D7F9E00314DB7 /* Info.plist */ = {isa = PBXFileReference; lastKnownFileType = text.plist.xml; path = Info.plist; sourceTree = "<group>"; };
		95AE0D2B294D7F9F00314DB7 /* note appTests.xctest */ = {isa = PBXFileReference; explicitFileType = wrapper.cfbundle; includeInIndex = 0; path = "note appTests.xctest"; sourceTree = BUILT_PRODUCTS_DIR; };
		95AE0D2F294D7F9F00314DB7 /* note_appTests.swift */ = {isa = PBXFileReference; lastKnownFileType = sourcecode.swift; path = note_appTests.swift; sourceTree = "<group>"; };
		95AE0D35294D7F9F00314DB7 /* note appUITests.xctest */ = {isa = PBXFileReference; explicitFileType = wrapper.cfbundle; includeInIndex = 0; path = "note appUITests.xctest"; sourceTree = BUILT_PRODUCTS_DIR; };
		95AE0D39294D7F9F00314DB7 /* note_appUITests.swift */ = {isa = PBXFileReference; lastKnownFileType = sourcecode.swift; path = note_appUITests.swift; sourceTree = "<group>"; };
		95AE0D3B294D7F9F00314DB7 /* note_appUITestsLaunchTests.swift */ = {isa = PBXFileReference; lastKnownFileType = sourcecode.swift; path = note_appUITestsLaunchTests.swift; sourceTree = "<group>"; };
		95AE0D48294DAEC900314DB7 /* EditViewController.swift */ = {isa = PBXFileReference; lastKnownFileType = sourcecode.swift; path = EditViewController.swift; sourceTree = "<group>"; };
		95AE0D4A294DAEF000314DB7 /* TableViewCell.swift */ = {isa = PBXFileReference; lastKnownFileType = sourcecode.swift; path = TableViewCell.swift; sourceTree = "<group>"; };
		95AE0D4C294DAF3900314DB7 /* TableViewController.swift */ = {isa = PBXFileReference; lastKnownFileType = sourcecode.swift; path = TableViewController.swift; sourceTree = "<group>"; };
		95AE0D4E294DB4A200314DB7 /* noteCD.swift */ = {isa = PBXFileReference; lastKnownFileType = sourcecode.swift; path = noteCD.swift; sourceTree = "<group>"; };
/* End PBXFileReference section */

/* Begin PBXFrameworksBuildPhase section */
		95AE0D0F294D7F9500314DB7 /* Frameworks */ = {
			isa = PBXFrameworksBuildPhase;
			buildActionMask = 2147483647;
			files = (
			);
			runOnlyForDeploymentPostprocessing = 0;
		};
		95AE0D28294D7F9F00314DB7 /* Frameworks */ = {
			isa = PBXFrameworksBuildPhase;
			buildActionMask = 2147483647;
			files = (
			);
			runOnlyForDeploymentPostprocessing = 0;
		};
		95AE0D32294D7F9F00314DB7 /* Frameworks */ = {
			isa = PBXFrameworksBuildPhase;
			buildActionMask = 2147483647;
			files = (
			);
			runOnlyForDeploymentPostprocessing = 0;
		};
/* End PBXFrameworksBuildPhase section */

/* Begin PBXGroup section */
		95AE0D09294D7F9500314DB7 = {
			isa = PBXGroup;
			children = (
				95AE0D14294D7F9500314DB7 /* note app */,
				95AE0D2E294D7F9F00314DB7 /* note appTests */,
				95AE0D38294D7F9F00314DB7 /* note appUITests */,
				95AE0D13294D7F9500314DB7 /* Products */,
			);
			sourceTree = "<group>";
		};
		95AE0D13294D7F9500314DB7 /* Products */ = {
			isa = PBXGroup;
			children = (
				95AE0D12294D7F9500314DB7 /* note app.app */,
				95AE0D2B294D7F9F00314DB7 /* note appTests.xctest */,
				95AE0D35294D7F9F00314DB7 /* note appUITests.xctest */,
			);
			name = Products;
			sourceTree = "<group>";
		};
		95AE0D14294D7F9500314DB7 /* note app */ = {
			isa = PBXGroup;
			children = (
				95AE0D15294D7F9500314DB7 /* AppDelegate.swift */,
				95AE0D17294D7F9500314DB7 /* SceneDelegate.swift */,
				95AE0D19294D7F9500314DB7 /* ViewController.swift */,
				95AE0D1B294D7F9500314DB7 /* Main.storyboard */,
				95AE0D21294D7F9E00314DB7 /* Assets.xcassets */,
				95AE0D23294D7F9E00314DB7 /* LaunchScreen.storyboard */,
				95AE0D26294D7F9E00314DB7 /* Info.plist */,
				95AE0D1E294D7F9500314DB7 /* note_app.xcdatamodeld */,
				95AE0D48294DAEC900314DB7 /* EditViewController.swift */,
				95AE0D4A294DAEF000314DB7 /* TableViewCell.swift */,
				95AE0D4C294DAF3900314DB7 /* TableViewController.swift */,
				95AE0D4E294DB4A200314DB7 /* noteCD.swift */,
			);
			path = "note app";
			sourceTree = "<group>";
		};
		95AE0D2E294D7F9F00314DB7 /* note appTests */ = {
			isa = PBXGroup;
			children = (
				95AE0D2F294D7F9F00314DB7 /* note_appTests.swift */,
			);
			path = "note appTests";
			sourceTree = "<group>";
		};
		95AE0D38294D7F9F00314DB7 /* note appUITests */ = {
			isa = PBXGroup;
			children = (
				95AE0D39294D7F9F00314DB7 /* note_appUITests.swift */,
				95AE0D3B294D7F9F00314DB7 /* note_appUITestsLaunchTests.swift */,
			);
			path = "note appUITests";
			sourceTree = "<group>";
		};
/* End PBXGroup section */

/* Begin PBXNativeTarget section */
		95AE0D11294D7F9500314DB7 /* note app */ = {
			isa = PBXNativeTarget;
			buildConfigurationList = 95AE0D3F294D7F9F00314DB7 /* Build configuration list for PBXNativeTarget "note app" */;
			buildPhases = (
				95AE0D0E294D7F9500314DB7 /* Sources */,
				95AE0D0F294D7F9500314DB7 /* Frameworks */,
				95AE0D10294D7F9500314DB7 /* Resources */,
			);
			buildRules = (
			);
			dependencies = (
			);
			name = "note app";
			productName = "note app";
			productReference = 95AE0D12294D7F9500314DB7 /* note app.app */;
			productType = "com.apple.product-type.application";
		};
		95AE0D2A294D7F9F00314DB7 /* note appTests */ = {
			isa = PBXNativeTarget;
			buildConfigurationList = 95AE0D42294D7F9F00314DB7 /* Build configuration list for PBXNativeTarget "note appTests" */;
			buildPhases = (
				95AE0D27294D7F9F00314DB7 /* Sources */,
				95AE0D28294D7F9F00314DB7 /* Frameworks */,
				95AE0D29294D7F9F00314DB7 /* Resources */,
			);
			buildRules = (
			);
			dependencies = (
				95AE0D2D294D7F9F00314DB7 /* PBXTargetDependency */,
			);
			name = "note appTests";
			productName = "note appTests";
			productReference = 95AE0D2B294D7F9F00314DB7 /* note appTests.xctest */;
			productType = "com.apple.product-type.bundle.unit-test";
		};
		95AE0D34294D7F9F00314DB7 /* note appUITests */ = {
			isa = PBXNativeTarget;
			buildConfigurationList = 95AE0D45294D7F9F00314DB7 /* Build configuration list for PBXNativeTarget "note appUITests" */;
			buildPhases = (
				95AE0D31294D7F9F00314DB7 /* Sources */,
				95AE0D32294D7F9F00314DB7 /* Frameworks */,
				95AE0D33294D7F9F00314DB7 /* Resources */,
			);
			buildRules = (
			);
			dependencies = (
				95AE0D37294D7F9F00314DB7 /* PBXTargetDependency */,
			);
			name = "note appUITests";
			productName = "note appUITests";
			productReference = 95AE0D35294D7F9F00314DB7 /* note appUITests.xctest */;
			productType = "com.apple.product-type.bundle.ui-testing";
		};
/* End PBXNativeTarget section */

/* Begin PBXProject section */
		95AE0D0A294D7F9500314DB7 /* Project object */ = {
			isa = PBXProject;
			attributes = {
				BuildIndependentTargetsInParallel = 1;
				LastSwiftUpdateCheck = 1320;
				LastUpgradeCheck = 1320;
				TargetAttributes = {
					95AE0D11294D7F9500314DB7 = {
						CreatedOnToolsVersion = 13.2.1;
					};
					95AE0D2A294D7F9F00314DB7 = {
						CreatedOnToolsVersion = 13.2.1;
						TestTargetID = 95AE0D11294D7F9500314DB7;
					};
					95AE0D34294D7F9F00314DB7 = {
						CreatedOnToolsVersion = 13.2.1;
						TestTargetID = 95AE0D11294D7F9500314DB7;
					};
				};
			};
			buildConfigurationList = 95AE0D0D294D7F9500314DB7 /* Build configuration list for PBXProject "note app" */;
			compatibilityVersion = "Xcode 13.0";
			developmentRegion = en;
			hasScannedForEncodings = 0;
			knownRegions = (
				en,
				Base,
			);
			mainGroup = 95AE0D09294D7F9500314DB7;
			productRefGroup = 95AE0D13294D7F9500314DB7 /* Products */;
			projectDirPath = "";
			projectRoot = "";
			targets = (
				95AE0D11294D7F9500314DB7 /* note app */,
				95AE0D2A294D7F9F00314DB7 /* note appTests */,
				95AE0D34294D7F9F00314DB7 /* note appUITests */,
			);
		};
/* End PBXProject section */

/* Begin PBXResourcesBuildPhase section */
		95AE0D10294D7F9500314DB7 /* Resources */ = {
			isa = PBXResourcesBuildPhase;
			buildActionMask = 2147483647;
			files = (
				95AE0D25294D7F9E00314DB7 /* LaunchScreen.storyboard in Resources */,
				95AE0D22294D7F9E00314DB7 /* Assets.xcassets in Resources */,
				95AE0D1D294D7F9500314DB7 /* Main.storyboard in Resources */,
			);
			runOnlyForDeploymentPostprocessing = 0;
		};
		95AE0D29294D7F9F00314DB7 /* Resources */ = {
			isa = PBXResourcesBuildPhase;
			buildActionMask = 2147483647;
			files = (
			);
			runOnlyForDeploymentPostprocessing = 0;
		};
		95AE0D33294D7F9F00314DB7 /* Resources */ = {
			isa = PBXResourcesBuildPhase;
			buildActionMask = 2147483647;
			files = (
			);
			runOnlyForDeploymentPostprocessing = 0;
		};
/* End PBXResourcesBuildPhase section */

/* Begin PBXSourcesBuildPhase section */
		95AE0D0E294D7F9500314DB7 /* Sources */ = {
			isa = PBXSourcesBuildPhase;
			buildActionMask = 2147483647;
			files = (
				95AE0D49294DAEC900314DB7 /* EditViewController.swift in Sources */,
				95AE0D4D294DAF3900314DB7 /* TableViewController.swift in Sources */,
				95AE0D1A294D7F9500314DB7 /* ViewController.swift in Sources */,
				95AE0D16294D7F9500314DB7 /* AppDelegate.swift in Sources */,
				95AE0D4F294DB4A200314DB7 /* noteCD.swift in Sources */,
				95AE0D4B294DAEF000314DB7 /* TableViewCell.swift in Sources */,
				95AE0D18294D7F9500314DB7 /* SceneDelegate.swift in Sources */,
				95AE0D20294D7F9500314DB7 /* note_app.xcdatamodeld in Sources */,
			);
			runOnlyForDeploymentPostprocessing = 0;
		};
		95AE0D27294D7F9F00314DB7 /* Sources */ = {
			isa = PBXSourcesBuildPhase;
			buildActionMask = 2147483647;
			files = (
				95AE0D30294D7F9F00314DB7 /* note_appTests.swift in Sources */,
			);
			runOnlyForDeploymentPostprocessing = 0;
		};
		95AE0D31294D7F9F00314DB7 /* Sources */ = {
			isa = PBXSourcesBuildPhase;
			buildActionMask = 2147483647;
			files = (
				95AE0D3C294D7F9F00314DB7 /* note_appUITestsLaunchTests.swift in Sources */,
				95AE0D3A294D7F9F00314DB7 /* note_appUITests.swift in Sources */,
			);
			runOnlyForDeploymentPostprocessing = 0;
		};
/* End PBXSourcesBuildPhase section */

/* Begin PBXTargetDependency section */
		95AE0D2D294D7F9F00314DB7 /* PBXTargetDependency */ = {
			isa = PBXTargetDependency;
			target = 95AE0D11294D7F9500314DB7 /* note app */;
			targetProxy = 95AE0D2C294D7F9F00314DB7 /* PBXContainerItemProxy */;
		};
		95AE0D37294D7F9F00314DB7 /* PBXTargetDependency */ = {
			isa = PBXTargetDependency;
			target = 95AE0D11294D7F9500314DB7 /* note app */;
			targetProxy = 95AE0D36294D7F9F00314DB7 /* PBXContainerItemProxy */;
		};
/* End PBXTargetDependency section */

/* Begin PBXVariantGroup section */
		95AE0D1B294D7F9500314DB7 /* Main.storyboard */ = {
			isa = PBXVariantGroup;
			children = (
				95AE0D1C294D7F9500314DB7 /* Base */,
			);
			name = Main.storyboard;
			sourceTree = "<group>";
		};
		95AE0D23294D7F9E00314DB7 /* LaunchScreen.storyboard */ = {
			isa = PBXVariantGroup;
			children = (
				95AE0D24294D7F9E00314DB7 /* Base */,
			);
			name = LaunchScreen.storyboard;
			sourceTree = "<group>";
		};
/* End PBXVariantGroup section */

/* Begin XCBuildConfiguration section */
		95AE0D3D294D7F9F00314DB7 /* Debug */ = {
			isa = XCBuildConfiguration;
			buildSettings = {
				ALWAYS_SEARCH_USER_PATHS = NO;
				CLANG_ANALYZER_NONNULL = YES;
				CLANG_ANALYZER_NUMBER_OBJECT_CONVERSION = YES_AGGRESSIVE;
				CLANG_CXX_LANGUAGE_STANDARD = "gnu++17";
				CLANG_CXX_LIBRARY = "libc++";
				CLANG_ENABLE_MODULES = YES;
				CLANG_ENABLE_OBJC_ARC = YES;
				CLANG_ENABLE_OBJC_WEAK = YES;
				CLANG_WARN_BLOCK_CAPTURE_AUTORELEASING = YES;
				CLANG_WARN_BOOL_CONVERSION = YES;
				CLANG_WARN_COMMA = YES;
				CLANG_WARN_CONSTANT_CONVERSION = YES;
				CLANG_WARN_DEPRECATED_OBJC_IMPLEMENTATIONS = YES;
				CLANG_WARN_DIRECT_OBJC_ISA_USAGE = YES_ERROR;
				CLANG_WARN_DOCUMENTATION_COMMENTS = YES;
				CLANG_WARN_EMPTY_BODY = YES;
				CLANG_WARN_ENUM_CONVERSION = YES;
				CLANG_WARN_INFINITE_RECURSION = YES;
				CLANG_WARN_INT_CONVERSION = YES;
				CLANG_WARN_NON_LITERAL_NULL_CONVERSION = YES;
				CLANG_WARN_OBJC_IMPLICIT_RETAIN_SELF = YES;
				CLANG_WARN_OBJC_LITERAL_CONVERSION = YES;
				CLANG_WARN_OBJC_ROOT_CLASS = YES_ERROR;
				CLANG_WARN_QUOTED_INCLUDE_IN_FRAMEWORK_HEADER = YES;
				CLANG_WARN_RANGE_LOOP_ANALYSIS = YES;
				CLANG_WARN_STRICT_PROTOTYPES = YES;
				CLANG_WARN_SUSPICIOUS_MOVE = YES;
				CLANG_WARN_UNGUARDED_AVAILABILITY = YES_AGGRESSIVE;
				CLANG_WARN_UNREACHABLE_CODE = YES;
				CLANG_WARN__DUPLICATE_METHOD_MATCH = YES;
				COPY_PHASE_STRIP = NO;
				DEBUG_INFORMATION_FORMAT = dwarf;
				ENABLE_STRICT_OBJC_MSGSEND = YES;
				ENABLE_TESTABILITY = YES;
				GCC_C_LANGUAGE_STANDARD = gnu11;
				GCC_DYNAMIC_NO_PIC = NO;
				GCC_NO_COMMON_BLOCKS = YES;
				GCC_OPTIMIZATION_LEVEL = 0;
				GCC_PREPROCESSOR_DEFINITIONS = (
					"DEBUG=1",
					"$(inherited)",
				);
				GCC_WARN_64_TO_32_BIT_CONVERSION = YES;
				GCC_WARN_ABOUT_RETURN_TYPE = YES_ERROR;
				GCC_WARN_UNDECLARED_SELECTOR = YES;
				GCC_WARN_UNINITIALIZED_AUTOS = YES_AGGRESSIVE;
				GCC_WARN_UNUSED_FUNCTION = YES;
				GCC_WARN_UNUSED_VARIABLE = YES;
				IPHONEOS_DEPLOYMENT_TARGET = 15.2;
				MTL_ENABLE_DEBUG_INFO = INCLUDE_SOURCE;
				MTL_FAST_MATH = YES;
				ONLY_ACTIVE_ARCH = YES;
				SDKROOT = iphoneos;
				SWIFT_ACTIVE_COMPILATION_CONDITIONS = DEBUG;
				SWIFT_OPTIMIZATION_LEVEL = "-Onone";
			};
			name = Debug;
		};
		95AE0D3E294D7F9F00314DB7 /* Release */ = {
			isa = XCBuildConfiguration;
			buildSettings = {
				ALWAYS_SEARCH_USER_PATHS = NO;
				CLANG_ANALYZER_NONNULL = YES;
				CLANG_ANALYZER_NUMBER_OBJECT_CONVERSION = YES_AGGRESSIVE;
				CLANG_CXX_LANGUAGE_STANDARD = "gnu++17";
				CLANG_CXX_LIBRARY = "libc++";
				CLANG_ENABLE_MODULES = YES;
				CLANG_ENABLE_OBJC_ARC = YES;
				CLANG_ENABLE_OBJC_WEAK = YES;
				CLANG_WARN_BLOCK_CAPTURE_AUTORELEASING = YES;
				CLANG_WARN_BOOL_CONVERSION = YES;
				CLANG_WARN_COMMA = YES;
				CLANG_WARN_CONSTANT_CONVERSION = YES;
				CLANG_WARN_DEPRECATED_OBJC_IMPLEMENTATIONS = YES;
				CLANG_WARN_DIRECT_OBJC_ISA_USAGE = YES_ERROR;
				CLANG_WARN_DOCUMENTATION_COMMENTS = YES;
				CLANG_WARN_EMPTY_BODY = YES;
				CLANG_WARN_ENUM_CONVERSION = YES;
				CLANG_WARN_INFINITE_RECURSION = YES;
				CLANG_WARN_INT_CONVERSION = YES;
				CLANG_WARN_NON_LITERAL_NULL_CONVERSION = YES;
				CLANG_WARN_OBJC_IMPLICIT_RETAIN_SELF = YES;
				CLANG_WARN_OBJC_LITERAL_CONVERSION = YES;
				CLANG_WARN_OBJC_ROOT_CLASS = YES_ERROR;
				CLANG_WARN_QUOTED_INCLUDE_IN_FRAMEWORK_HEADER = YES;
				CLANG_WARN_RANGE_LOOP_ANALYSIS = YES;
				CLANG_WARN_STRICT_PROTOTYPES = YES;
				CLANG_WARN_SUSPICIOUS_MOVE = YES;
				CLANG_WARN_UNGUARDED_AVAILABILITY = YES_AGGRESSIVE;
				CLANG_WARN_UNREACHABLE_CODE = YES;
				CLANG_WARN__DUPLICATE_METHOD_MATCH = YES;
				COPY_PHASE_STRIP = NO;
				DEBUG_INFORMATION_FORMAT = "dwarf-with-dsym";
				ENABLE_NS_ASSERTIONS = NO;
				ENABLE_STRICT_OBJC_MSGSEND = YES;
				GCC_C_LANGUAGE_STANDARD = gnu11;
				GCC_NO_COMMON_BLOCKS = YES;
				GCC_WARN_64_TO_32_BIT_CONVERSION = YES;
				GCC_WARN_ABOUT_RETURN_TYPE = YES_ERROR;
				GCC_WARN_UNDECLARED_SELECTOR = YES;
				GCC_WARN_UNINITIALIZED_AUTOS = YES_AGGRESSIVE;
				GCC_WARN_UNUSED_FUNCTION = YES;
				GCC_WARN_UNUSED_VARIABLE = YES;
				IPHONEOS_DEPLOYMENT_TARGET = 15.2;
				MTL_ENABLE_DEBUG_INFO = NO;
				MTL_FAST_MATH = YES;
				SDKROOT = iphoneos;
				SWIFT_COMPILATION_MODE = wholemodule;
				SWIFT_OPTIMIZATION_LEVEL = "-O";
				VALIDATE_PRODUCT = YES;
			};
			name = Release;
		};
		95AE0D40294D7F9F00314DB7 /* Debug */ = {
			isa = XCBuildConfiguration;
			buildSettings = {
				ASSETCATALOG_COMPILER_APPICON_NAME = AppIcon;
				ASSETCATALOG_COMPILER_GLOBAL_ACCENT_COLOR_NAME = AccentColor;
				CODE_SIGN_STYLE = Automatic;
				CURRENT_PROJECT_VERSION = 1;
				GENERATE_INFOPLIST_FILE = YES;
				INFOPLIST_FILE = "note app/Info.plist";
				INFOPLIST_KEY_UIApplicationSupportsIndirectInputEvents = YES;
				INFOPLIST_KEY_UILaunchStoryboardName = LaunchScreen;
				INFOPLIST_KEY_UIMainStoryboardFile = Main;
				INFOPLIST_KEY_UISupportedInterfaceOrientations_iPad = "UIInterfaceOrientationPortrait UIInterfaceOrientationPortraitUpsideDown UIInterfaceOrientationLandscapeLeft UIInterfaceOrientationLandscapeRight";
				INFOPLIST_KEY_UISupportedInterfaceOrientations_iPhone = "UIInterfaceOrientationPortrait UIInterfaceOrientationLandscapeLeft UIInterfaceOrientationLandscapeRight";
				LD_RUNPATH_SEARCH_PATHS = (
					"$(inherited)",
					"@executable_path/Frameworks",
				);
				MARKETING_VERSION = 1.0;
				PRODUCT_BUNDLE_IDENTIFIER = "com.amjad.note-app";
				PRODUCT_NAME = "$(TARGET_NAME)";
				SWIFT_EMIT_LOC_STRINGS = YES;
				SWIFT_VERSION = 5.0;
				TARGETED_DEVICE_FAMILY = "1,2";
			};
			name = Debug;
		};
		95AE0D41294D7F9F00314DB7 /* Release */ = {
			isa = XCBuildConfiguration;
			buildSettings = {
				ASSETCATALOG_COMPILER_APPICON_NAME = AppIcon;
				ASSETCATALOG_COMPILER_GLOBAL_ACCENT_COLOR_NAME = AccentColor;
				CODE_SIGN_STYLE = Automatic;
				CURRENT_PROJECT_VERSION = 1;
				GENERATE_INFOPLIST_FILE = YES;
				INFOPLIST_FILE = "note app/Info.plist";
				INFOPLIST_KEY_UIApplicationSupportsIndirectInputEvents = YES;
				INFOPLIST_KEY_UILaunchStoryboardName = LaunchScreen;
				INFOPLIST_KEY_UIMainStoryboardFile = Main;
				INFOPLIST_KEY_UISupportedInterfaceOrientations_iPad = "UIInterfaceOrientationPortrait UIInterfaceOrientationPortraitUpsideDown UIInterfaceOrientationLandscapeLeft UIInterfaceOrientationLandscapeRight";
				INFOPLIST_KEY_UISupportedInterfaceOrientations_iPhone = "UIInterfaceOrientationPortrait UIInterfaceOrientationLandscapeLeft UIInterfaceOrientationLandscapeRight";
				LD_RUNPATH_SEARCH_PATHS = (
					"$(inherited)",
					"@executable_path/Frameworks",
				);
				MARKETING_VERSION = 1.0;
				PRODUCT_BUNDLE_IDENTIFIER = "com.amjad.note-app";
				PRODUCT_NAME = "$(TARGET_NAME)";
				SWIFT_EMIT_LOC_STRINGS = YES;
				SWIFT_VERSION = 5.0;
				TARGETED_DEVICE_FAMILY = "1,2";
			};
			name = Release;
		};
		95AE0D43294D7F9F00314DB7 /* Debug */ = {
			isa = XCBuildConfiguration;
			buildSettings = {
				ALWAYS_EMBED_SWIFT_STANDARD_LIBRARIES = YES;
				BUNDLE_LOADER = "$(TEST_HOST)";
				CODE_SIGN_STYLE = Automatic;
				CURRENT_PROJECT_VERSION = 1;
				GENERATE_INFOPLIST_FILE = YES;
				IPHONEOS_DEPLOYMENT_TARGET = 15.2;
				MARKETING_VERSION = 1.0;
				PRODUCT_BUNDLE_IDENTIFIER = "com.amjad.note-appTests";
				PRODUCT_NAME = "$(TARGET_NAME)";
				SWIFT_EMIT_LOC_STRINGS = NO;
				SWIFT_VERSION = 5.0;
				TARGETED_DEVICE_FAMILY = "1,2";
				TEST_HOST = "$(BUILT_PRODUCTS_DIR)/note app.app/note app";
			};
			name = Debug;
		};
		95AE0D44294D7F9F00314DB7 /* Release */ = {
			isa = XCBuildConfiguration;
			buildSettings = {
				ALWAYS_EMBED_SWIFT_STANDARD_LIBRARIES = YES;
				BUNDLE_LOADER = "$(TEST_HOST)";
				CODE_SIGN_STYLE = Automatic;
				CURRENT_PROJECT_VERSION = 1;
				GENERATE_INFOPLIST_FILE = YES;
				IPHONEOS_DEPLOYMENT_TARGET = 15.2;
				MARKETING_VERSION = 1.0;
				PRODUCT_BUNDLE_IDENTIFIER = "com.amjad.note-appTests";
				PRODUCT_NAME = "$(TARGET_NAME)";
				SWIFT_EMIT_LOC_STRINGS = NO;
				SWIFT_VERSION = 5.0;
				TARGETED_DEVICE_FAMILY = "1,2";
				TEST_HOST = "$(BUILT_PRODUCTS_DIR)/note app.app/note app";
			};
			name = Release;
		};
		95AE0D46294D7F9F00314DB7 /* Debug */ = {
			isa = XCBuildConfiguration;
			buildSettings = {
				ALWAYS_EMBED_SWIFT_STANDARD_LIBRARIES = YES;
				CODE_SIGN_STYLE = Automatic;
				CURRENT_PROJECT_VERSION = 1;
				GENERATE_INFOPLIST_FILE = YES;
				MARKETING_VERSION = 1.0;
				PRODUCT_BUNDLE_IDENTIFIER = "com.amjad.note-appUITests";
				PRODUCT_NAME = "$(TARGET_NAME)";
				SWIFT_EMIT_LOC_STRINGS = NO;
				SWIFT_VERSION = 5.0;
				TARGETED_DEVICE_FAMILY = "1,2";
				TEST_TARGET_NAME = "note app";
			};
			name = Debug;
		};
		95AE0D47294D7F9F00314DB7 /* Release */ = {
			isa = XCBuildConfiguration;
			buildSettings = {
				ALWAYS_EMBED_SWIFT_STANDARD_LIBRARIES = YES;
				CODE_SIGN_STYLE = Automatic;
				CURRENT_PROJECT_VERSION = 1;
				GENERATE_INFOPLIST_FILE = YES;
				MARKETING_VERSION = 1.0;
				PRODUCT_BUNDLE_IDENTIFIER = "com.amjad.note-appUITests";
				PRODUCT_NAME = "$(TARGET_NAME)";
				SWIFT_EMIT_LOC_STRINGS = NO;
				SWIFT_VERSION = 5.0;
				TARGETED_DEVICE_FAMILY = "1,2";
				TEST_TARGET_NAME = "note app";
			};
			name = Release;
		};
/* End XCBuildConfiguration section */

/* Begin XCConfigurationList section */
		95AE0D0D294D7F9500314DB7 /* Build configuration list for PBXProject "note app" */ = {
			isa = XCConfigurationList;
			buildConfigurations = (
				95AE0D3D294D7F9F00314DB7 /* Debug */,
				95AE0D3E294D7F9F00314DB7 /* Release */,
			);
			defaultConfigurationIsVisible = 0;
			defaultConfigurationName = Release;
		};
		95AE0D3F294D7F9F00314DB7 /* Build configuration list for PBXNativeTarget "note app" */ = {
			isa = XCConfigurationList;
			buildConfigurations = (
				95AE0D40294D7F9F00314DB7 /* Debug */,
				95AE0D41294D7F9F00314DB7 /* Release */,
			);
			defaultConfigurationIsVisible = 0;
			defaultConfigurationName = Release;
		};
		95AE0D42294D7F9F00314DB7 /* Build configuration list for PBXNativeTarget "note appTests" */ = {
			isa = XCConfigurationList;
			buildConfigurations = (
				95AE0D43294D7F9F00314DB7 /* Debug */,
				95AE0D44294D7F9F00314DB7 /* Release */,
			);
			defaultConfigurationIsVisible = 0;
			defaultConfigurationName = Release;
		};
		95AE0D45294D7F9F00314DB7 /* Build configuration list for PBXNativeTarget "note appUITests" */ = {
			isa = XCConfigurationList;
			buildConfigurations = (
				95AE0D46294D7F9F00314DB7 /* Debug */,
				95AE0D47294D7F9F00314DB7 /* Release */,
			);
			defaultConfigurationIsVisible = 0;
			defaultConfigurationName = Release;
		};
/* End XCConfigurationList section */

/* Begin XCVersionGroup section */
		95AE0D1E294D7F9500314DB7 /* note_app.xcdatamodeld */ = {
			isa = XCVersionGroup;
			children = (
				95AE0D1F294D7F9500314DB7 /* note_app.xcdatamodel */,
			);
			currentVersion = 95AE0D1F294D7F9500314DB7 /* note_app.xcdatamodel */;
			path = note_app.xcdatamodeld;
			sourceTree = "<group>";
			versionGroupType = wrapper.xcdatamodel;
		};
/* End XCVersionGroup section */
	};
	rootObject = 95AE0D0A294D7F9500314DB7 /* Project object */;
}
